
Microsoft Visual Studio Solution File, Format Version 12.00
# Visual Studio Version 17
VisualStudioVersion = 17.14.36518.9
MinimumVisualStudioVersion = 10.0.40219.1
Project("{FAE04EC0-301F-11D3-BF4B-00C04F79EFBC}") = "Project_MyShop_2025", "Project_MyShop_2025\Project_MyShop_2025.csproj", "{787A114C-96FB-4DDA-9BEC-BFF95354A07B}"
EndProject
Project("{FAE04EC0-301F-11D3-BF4B-00C04F79EFBC}") = "Project_MyShop_2025.Core", "Project_MyShop_2025.Core\Project_MyShop_2025.Core.csproj", "{A07F3762-A967-4141-98FA-28C9FCEAA00F}"
EndProject
Project("{FAE04EC0-301F-11D3-BF4B-00C04F79EFBC}") = "Project_MyShop_2025.Tests", "Project_MyShop_2025.Tests\Project_MyShop_2025.Tests.csproj", "{C0D47A9F-14CA-4759-A70C-FC97E258CB6E}"
EndProject
Global
	GlobalSection(SolutionConfigurationPlatforms) = preSolution
		Debug|Any CPU = Debug|Any CPU
		Debug|ARM64 = Debug|ARM64
		Debug|x64 = Debug|x64
		Debug|x86 = Debug|x86
		Release|Any CPU = Release|Any CPU
		Release|ARM64 = Release|ARM64
		Release|x64 = Release|x64
		Release|x86 = Release|x86
	EndGlobalSection
	GlobalSection(ProjectConfigurationPlatforms) = postSolution
		{787A114C-96FB-4DDA-9BEC-BFF95354A07B}.Debug|Any CPU.ActiveCfg = Debug|Any CPU
		{787A114C-96FB-4DDA-9BEC-BFF95354A07B}.Debug|Any CPU.Build.0 = Debug|Any CPU
		{787A114C-96FB-4DDA-9BEC-BFF95354A07B}.Debug|ARM64.ActiveCfg = Debug|ARM64
		{787A114C-96FB-4DDA-9BEC-BFF95354A07B}.Debug|ARM64.Build.0 = Debug|ARM64
		{787A114C-96FB-4DDA-9BEC-BFF95354A07B}.Debug|ARM64.Deploy.0 = Debug|ARM64
		{787A114C-96FB-4DDA-9BEC-BFF95354A07B}.Debug|x64.ActiveCfg = Debug|x64
		{787A114C-96FB-4DDA-9BEC-BFF95354A07B}.Debug|x64.Build.0 = Debug|x64
		{787A114C-96FB-4DDA-9BEC-BFF95354A07B}.Debug|x64.Deploy.0 = Debug|x64
		{787A114C-96FB-4DDA-9BEC-BFF95354A07B}.Debug|x86.ActiveCfg = Debug|x86
		{787A114C-96FB-4DDA-9BEC-BFF95354A07B}.Debug|x86.Build.0 = Debug|x86
		{787A114C-96FB-4DDA-9BEC-BFF95354A07B}.Debug|x86.Deploy.0 = Debug|x86
		{787A114C-96FB-4DDA-9BEC-BFF95354A07B}.Release|Any CPU.ActiveCfg = Release|Any CPU
		{787A114C-96FB-4DDA-9BEC-BFF95354A07B}.Release|Any CPU.Build.0 = Release|Any CPU
		{787A114C-96FB-4DDA-9BEC-BFF95354A07B}.Release|ARM64.ActiveCfg = Release|ARM64
		{787A114C-96FB-4DDA-9BEC-BFF95354A07B}.Release|ARM64.Build.0 = Release|ARM64
		{787A114C-96FB-4DDA-9BEC-BFF95354A07B}.Release|ARM64.Deploy.0 = Release|ARM64
		{787A114C-96FB-4DDA-9BEC-BFF95354A07B}.Release|x64.ActiveCfg = Release|x64
		{787A114C-96FB-4DDA-9BEC-BFF95354A07B}.Release|x64.Build.0 = Release|x64
		{787A114C-96FB-4DDA-9BEC-BFF95354A07B}.Release|x64.Deploy.0 = Release|x64
		{787A114C-96FB-4DDA-9BEC-BFF95354A07B}.Release|x86.ActiveCfg = Release|x86
		{787A114C-96FB-4DDA-9BEC-BFF95354A07B}.Release|x86.Build.0 = Release|x86
		{787A114C-96FB-4DDA-9BEC-BFF95354A07B}.Release|x86.Deploy.0 = Release|x86
		{A07F3762-A967-4141-98FA-28C9FCEAA00F}.Debug|Any CPU.ActiveCfg = Debug|Any CPU
		{A07F3762-A967-4141-98FA-28C9FCEAA00F}.Debug|Any CPU.Build.0 = Debug|Any CPU
		{A07F3762-A967-4141-98FA-28C9FCEAA00F}.Debug|ARM64.ActiveCfg = Debug|Any CPU
		{A07F3762-A967-4141-98FA-28C9FCEAA00F}.Debug|ARM64.Build.0 = Debug|Any CPU
		{A07F3762-A967-4141-98FA-28C9FCEAA00F}.Debug|x64.ActiveCfg = Debug|Any CPU
		{A07F3762-A967-4141-98FA-28C9FCEAA00F}.Debug|x64.Build.0 = Debug|Any CPU
		{A07F3762-A967-4141-98FA-28C9FCEAA00F}.Debug|x86.ActiveCfg = Debug|Any CPU
		{A07F3762-A967-4141-98FA-28C9FCEAA00F}.Debug|x86.Build.0 = Debug|Any CPU
		{A07F3762-A967-4141-98FA-28C9FCEAA00F}.Release|Any CPU.ActiveCfg = Release|Any CPU
		{A07F3762-A967-4141-98FA-28C9FCEAA00F}.Release|Any CPU.Build.0 = Release|Any CPU
		{A07F3762-A967-4141-98FA-28C9FCEAA00F}.Release|ARM64.ActiveCfg = Release|Any CPU
		{A07F3762-A967-4141-98FA-28C9FCEAA00F}.Release|ARM64.Build.0 = Release|Any CPU
		{A07F3762-A967-4141-98FA-28C9FCEAA00F}.Release|x64.ActiveCfg = Release|x64
		{A07F3762-A967-4141-98FA-28C9FCEAA00F}.Release|x64.Build.0 = Release|x64
		{A07F3762-A967-4141-98FA-28C9FCEAA00F}.Release|x86.ActiveCfg = Release|Any CPU
		{A07F3762-A967-4141-98FA-28C9FCEAA00F}.Release|x86.Build.0 = Release|Any CPU
		{C0D47A9F-14CA-4759-A70C-FC97E258CB6E}.Debug|Any CPU.ActiveCfg = Debug|Any CPU
		{C0D47A9F-14CA-4759-A70C-FC97E258CB6E}.Debug|Any CPU.Build.0 = Debug|Any CPU
		{C0D47A9F-14CA-4759-A70C-FC97E258CB6E}.Debug|ARM64.ActiveCfg = Debug|Any CPU
		{C0D47A9F-14CA-4759-A70C-FC97E258CB6E}.Debug|ARM64.Build.0 = Debug|Any CPU
		{C0D47A9F-14CA-4759-A70C-FC97E258CB6E}.Debug|x64.ActiveCfg = Debug|Any CPU
		{C0D47A9F-14CA-4759-A70C-FC97E258CB6E}.Debug|x64.Build.0 = Debug|Any CPU
		{C0D47A9F-14CA-4759-A70C-FC97E258CB6E}.Debug|x86.ActiveCfg = Debug|Any CPU
		{C0D47A9F-14CA-4759-A70C-FC97E258CB6E}.Debug|x86.Build.0 = Debug|Any CPU
		{C0D47A9F-14CA-4759-A70C-FC97E258CB6E}.Release|Any CPU.ActiveCfg = Release|Any CPU
		{C0D47A9F-14CA-4759-A70C-FC97E258CB6E}.Release|Any CPU.Build.0 = Release|Any CPU
		{C0D47A9F-14CA-4759-A70C-FC97E258CB6E}.Release|ARM64.ActiveCfg = Release|Any CPU
		{C0D47A9F-14CA-4759-A70C-FC97E258CB6E}.Release|ARM64.Build.0 = Release|Any CPU
		{C0D47A9F-14CA-4759-A70C-FC97E258CB6E}.Release|x64.ActiveCfg = Release|x64
		{C0D47A9F-14CA-4759-A70C-FC97E258CB6E}.Release|x64.Build.0 = Release|x64
		{C0D47A9F-14CA-4759-A70C-FC97E258CB6E}.Release|x86.ActiveCfg = Release|Any CPU
		{C0D47A9F-14CA-4759-A70C-FC97E258CB6E}.Release|x86.Build.0 = Release|Any CPU
	EndGlobalSection
	GlobalSection(SolutionProperties) = preSolution
		HideSolutionNode = FALSE
	EndGlobalSection
	GlobalSection(ExtensibilityGlobals) = postSolution
		SolutionGuid = {4F14A522-54AE-429C-B531-7252528F6E2B}
	EndGlobalSection
EndGlobal
